// !$*UTF8*$!
{
	archiveVersion = 1;
	classes = {
	};
	objectVersion = 46;
	objects = {

/* Begin PBXBuildFile section */
		4D8A79FD1C2FB364004A3A1D /* main.m in Sources */ = {isa = PBXBuildFile; fileRef = 4D8A79FC1C2FB364004A3A1D /* main.m */; };
		4D8A7A001C2FB364004A3A1D /* AppDelegate.m in Sources */ = {isa = PBXBuildFile; fileRef = 4D8A79FF1C2FB364004A3A1D /* AppDelegate.m */; };
		4D8A7A031C2FB364004A3A1D /* FirstViewController.m in Sources */ = {isa = PBXBuildFile; fileRef = 4D8A7A021C2FB364004A3A1D /* FirstViewController.m */; };
		4D8A7A061C2FB364004A3A1D /* SecondViewController.m in Sources */ = {isa = PBXBuildFile; fileRef = 4D8A7A051C2FB364004A3A1D /* SecondViewController.m */; };
		4D8A7A091C2FB364004A3A1D /* Main.storyboard in Resources */ = {isa = PBXBuildFile; fileRef = 4D8A7A071C2FB364004A3A1D /* Main.storyboard */; };
		4D8A7A0B1C2FB364004A3A1D /* Assets.xcassets in Resources */ = {isa = PBXBuildFile; fileRef = 4D8A7A0A1C2FB364004A3A1D /* Assets.xcassets */; };
		4D8A7A0E1C2FB364004A3A1D /* LaunchScreen.storyboard in Resources */ = {isa = PBXBuildFile; fileRef = 4D8A7A0C1C2FB364004A3A1D /* LaunchScreen.storyboard */; };
		4D8A7A191C2FB364004A3A1D /* MMSamplesTests.m in Sources */ = {isa = PBXBuildFile; fileRef = 4D8A7A181C2FB364004A3A1D /* MMSamplesTests.m */; };
		4D8A7A241C2FB364004A3A1D /* MMSamplesUITests.m in Sources */ = {isa = PBXBuildFile; fileRef = 4D8A7A231C2FB364004A3A1D /* MMSamplesUITests.m */; };
		F07B85D69136898FCCA9FF73 /* libPods-MMSamples.a in Frameworks */ = {isa = PBXBuildFile; fileRef = F4857BFDD86C86A864DE7A11 /* libPods-MMSamples.a */; };
/* End PBXBuildFile section */

/* Begin PBXContainerItemProxy section */
		4D8A7A151C2FB364004A3A1D /* PBXContainerItemProxy */ = {
			isa = PBXContainerItemProxy;
			containerPortal = 4D8A79F01C2FB364004A3A1D /* Project object */;
			proxyType = 1;
			remoteGlobalIDString = 4D8A79F71C2FB364004A3A1D;
			remoteInfo = MMSamples;
		};
		4D8A7A201C2FB364004A3A1D /* PBXContainerItemProxy */ = {
			isa = PBXContainerItemProxy;
			containerPortal = 4D8A79F01C2FB364004A3A1D /* Project object */;
			proxyType = 1;
			remoteGlobalIDString = 4D8A79F71C2FB364004A3A1D;
			remoteInfo = MMSamples;
		};
/* End PBXContainerItemProxy section */

/* Begin PBXFileReference section */
		0A00DB0C730D826709EB386E /* Pods-MMSamples.release.xcconfig */ = {isa = PBXFileReference; includeInIndex = 1; lastKnownFileType = text.xcconfig; name = "Pods-MMSamples.release.xcconfig"; path = "../Pods/Target Support Files/Pods-MMSamples/Pods-MMSamples.release.xcconfig"; sourceTree = "<group>"; };
		4D8A79F81C2FB364004A3A1D /* MMSamples.app */ = {isa = PBXFileReference; explicitFileType = wrapper.application; includeInIndex = 0; path = MMSamples.app; sourceTree = BUILT_PRODUCTS_DIR; };
		4D8A79FC1C2FB364004A3A1D /* main.m */ = {isa = PBXFileReference; lastKnownFileType = sourcecode.c.objc; path = main.m; sourceTree = "<group>"; };
		4D8A79FE1C2FB364004A3A1D /* AppDelegate.h */ = {isa = PBXFileReference; lastKnownFileType = sourcecode.c.h; path = AppDelegate.h; sourceTree = "<group>"; };
		4D8A79FF1C2FB364004A3A1D /* AppDelegate.m */ = {isa = PBXFileReference; lastKnownFileType = sourcecode.c.objc; path = AppDelegate.m; sourceTree = "<group>"; };
		4D8A7A011C2FB364004A3A1D /* FirstViewController.h */ = {isa = PBXFileReference; lastKnownFileType = sourcecode.c.h; path = FirstViewController.h; sourceTree = "<group>"; };
		4D8A7A021C2FB364004A3A1D /* FirstViewController.m */ = {isa = PBXFileReference; lastKnownFileType = sourcecode.c.objc; path = FirstViewController.m; sourceTree = "<group>"; };
		4D8A7A041C2FB364004A3A1D /* SecondViewController.h */ = {isa = PBXFileReference; lastKnownFileType = sourcecode.c.h; path = SecondViewController.h; sourceTree = "<group>"; };
		4D8A7A051C2FB364004A3A1D /* SecondViewController.m */ = {isa = PBXFileReference; lastKnownFileType = sourcecode.c.objc; path = SecondViewController.m; sourceTree = "<group>"; };
		4D8A7A081C2FB364004A3A1D /* Base */ = {isa = PBXFileReference; lastKnownFileType = file.storyboard; name = Base; path = Base.lproj/Main.storyboard; sourceTree = "<group>"; };
		4D8A7A0A1C2FB364004A3A1D /* Assets.xcassets */ = {isa = PBXFileReference; lastKnownFileType = folder.assetcatalog; path = Assets.xcassets; sourceTree = "<group>"; };
		4D8A7A0D1C2FB364004A3A1D /* Base */ = {isa = PBXFileReference; lastKnownFileType = file.storyboard; name = Base; path = Base.lproj/LaunchScreen.storyboard; sourceTree = "<group>"; };
		4D8A7A0F1C2FB364004A3A1D /* Info.plist */ = {isa = PBXFileReference; lastKnownFileType = text.plist.xml; path = Info.plist; sourceTree = "<group>"; };
		4D8A7A141C2FB364004A3A1D /* MMSamplesTests.xctest */ = {isa = PBXFileReference; explicitFileType = wrapper.cfbundle; includeInIndex = 0; path = MMSamplesTests.xctest; sourceTree = BUILT_PRODUCTS_DIR; };
		4D8A7A181C2FB364004A3A1D /* MMSamplesTests.m */ = {isa = PBXFileReference; lastKnownFileType = sourcecode.c.objc; path = MMSamplesTests.m; sourceTree = "<group>"; };
		4D8A7A1A1C2FB364004A3A1D /* Info.plist */ = {isa = PBXFileReference; lastKnownFileType = text.plist.xml; path = Info.plist; sourceTree = "<group>"; };
		4D8A7A1F1C2FB364004A3A1D /* MMSamplesUITests.xctest */ = {isa = PBXFileReference; explicitFileType = wrapper.cfbundle; includeInIndex = 0; path = MMSamplesUITests.xctest; sourceTree = BUILT_PRODUCTS_DIR; };
		4D8A7A231C2FB364004A3A1D /* MMSamplesUITests.m */ = {isa = PBXFileReference; lastKnownFileType = sourcecode.c.objc; path = MMSamplesUITests.m; sourceTree = "<group>"; };
		4D8A7A251C2FB364004A3A1D /* Info.plist */ = {isa = PBXFileReference; lastKnownFileType = text.plist.xml; path = Info.plist; sourceTree = "<group>"; };
		E2A62C607D25C8441DB931E2 /* Pods-MMSamples.debug.xcconfig */ = {isa = PBXFileReference; includeInIndex = 1; lastKnownFileType = text.xcconfig; name = "Pods-MMSamples.debug.xcconfig"; path = "../Pods/Target Support Files/Pods-MMSamples/Pods-MMSamples.debug.xcconfig"; sourceTree = "<group>"; };
		F4857BFDD86C86A864DE7A11 /* libPods-MMSamples.a */ = {isa = PBXFileReference; explicitFileType = archive.ar; includeInIndex = 0; path = "libPods-MMSamples.a"; sourceTree = BUILT_PRODUCTS_DIR; };
/* End PBXFileReference section */

/* Begin PBXFrameworksBuildPhase section */
		4D8A79F51C2FB364004A3A1D /* Frameworks */ = {
			isa = PBXFrameworksBuildPhase;
			buildActionMask = 2147483647;
			files = (
				F07B85D69136898FCCA9FF73 /* libPods-MMSamples.a in Frameworks */,
			);
			runOnlyForDeploymentPostprocessing = 0;
		};
		4D8A7A111C2FB364004A3A1D /* Frameworks */ = {
			isa = PBXFrameworksBuildPhase;
			buildActionMask = 2147483647;
			files = (
			);
			runOnlyForDeploymentPostprocessing = 0;
		};
		4D8A7A1C1C2FB364004A3A1D /* Frameworks */ = {
			isa = PBXFrameworksBuildPhase;
			buildActionMask = 2147483647;
			files = (
			);
			runOnlyForDeploymentPostprocessing = 0;
		};
/* End PBXFrameworksBuildPhase section */

/* Begin PBXGroup section */
		4D8A79EF1C2FB364004A3A1D = {
			isa = PBXGroup;
			children = (
				4D8A79FA1C2FB364004A3A1D /* MMSamples */,
				4D8A7A171C2FB364004A3A1D /* MMSamplesTests */,
				4D8A7A221C2FB364004A3A1D /* MMSamplesUITests */,
				4D8A79F91C2FB364004A3A1D /* Products */,
				A9A1917B44D2807AB5D7755F /* Pods */,
				CAAE03B9AA9E76FF0752CEF6 /* Frameworks */,
			);
			sourceTree = "<group>";
		};
		4D8A79F91C2FB364004A3A1D /* Products */ = {
			isa = PBXGroup;
			children = (
				4D8A79F81C2FB364004A3A1D /* MMSamples.app */,
				4D8A7A141C2FB364004A3A1D /* MMSamplesTests.xctest */,
				4D8A7A1F1C2FB364004A3A1D /* MMSamplesUITests.xctest */,
			);
			name = Products;
			sourceTree = "<group>";
		};
		4D8A79FA1C2FB364004A3A1D /* MMSamples */ = {
			isa = PBXGroup;
			children = (
				4D8A79FE1C2FB364004A3A1D /* AppDelegate.h */,
				4D8A79FF1C2FB364004A3A1D /* AppDelegate.m */,
				4D8A7A011C2FB364004A3A1D /* FirstViewController.h */,
				4D8A7A021C2FB364004A3A1D /* FirstViewController.m */,
				4D8A7A041C2FB364004A3A1D /* SecondViewController.h */,
				4D8A7A051C2FB364004A3A1D /* SecondViewController.m */,
				4D8A7A071C2FB364004A3A1D /* Main.storyboard */,
				4D8A7A0A1C2FB364004A3A1D /* Assets.xcassets */,
				4D8A7A0C1C2FB364004A3A1D /* LaunchScreen.storyboard */,
				4D8A7A0F1C2FB364004A3A1D /* Info.plist */,
				4D8A79FB1C2FB364004A3A1D /* Supporting Files */,
			);
			path = MMSamples;
			sourceTree = "<group>";
		};
		4D8A79FB1C2FB364004A3A1D /* Supporting Files */ = {
			isa = PBXGroup;
			children = (
				4D8A79FC1C2FB364004A3A1D /* main.m */,
			);
			name = "Supporting Files";
			sourceTree = "<group>";
		};
		4D8A7A171C2FB364004A3A1D /* MMSamplesTests */ = {
			isa = PBXGroup;
			children = (
				4D8A7A181C2FB364004A3A1D /* MMSamplesTests.m */,
				4D8A7A1A1C2FB364004A3A1D /* Info.plist */,
			);
			path = MMSamplesTests;
			sourceTree = "<group>";
		};
		4D8A7A221C2FB364004A3A1D /* MMSamplesUITests */ = {
			isa = PBXGroup;
			children = (
				4D8A7A231C2FB364004A3A1D /* MMSamplesUITests.m */,
				4D8A7A251C2FB364004A3A1D /* Info.plist */,
			);
			path = MMSamplesUITests;
			sourceTree = "<group>";
		};
		A9A1917B44D2807AB5D7755F /* Pods */ = {
			isa = PBXGroup;
			children = (
				E2A62C607D25C8441DB931E2 /* Pods-MMSamples.debug.xcconfig */,
				0A00DB0C730D826709EB386E /* Pods-MMSamples.release.xcconfig */,
			);
			name = Pods;
			sourceTree = "<group>";
		};
		CAAE03B9AA9E76FF0752CEF6 /* Frameworks */ = {
			isa = PBXGroup;
			children = (
				F4857BFDD86C86A864DE7A11 /* libPods-MMSamples.a */,
			);
			name = Frameworks;
			sourceTree = "<group>";
		};
/* End PBXGroup section */

/* Begin PBXNativeTarget section */
		4D8A79F71C2FB364004A3A1D /* MMSamples */ = {
			isa = PBXNativeTarget;
			buildConfigurationList = 4D8A7A281C2FB364004A3A1D /* Build configuration list for PBXNativeTarget "MMSamples" */;
			buildPhases = (
				CDEC21D9FE9C76E03E48625B /* Check Pods Manifest.lock */,
				4D8A79F41C2FB364004A3A1D /* Sources */,
				4D8A79F51C2FB364004A3A1D /* Frameworks */,
				4D8A79F61C2FB364004A3A1D /* Resources */,
				0B1136F6FAA29F078EC82F99 /* Embed Pods Frameworks */,
				90EFDBCA68548203A4BFF8D2 /* Copy Pods Resources */,
			);
			buildRules = (
			);
			dependencies = (
			);
			name = MMSamples;
			productName = MMSamples;
			productReference = 4D8A79F81C2FB364004A3A1D /* MMSamples.app */;
			productType = "com.apple.product-type.application";
		};
		4D8A7A131C2FB364004A3A1D /* MMSamplesTests */ = {
			isa = PBXNativeTarget;
			buildConfigurationList = 4D8A7A2B1C2FB364004A3A1D /* Build configuration list for PBXNativeTarget "MMSamplesTests" */;
			buildPhases = (
				4D8A7A101C2FB364004A3A1D /* Sources */,
				4D8A7A111C2FB364004A3A1D /* Frameworks */,
				4D8A7A121C2FB364004A3A1D /* Resources */,
			);
			buildRules = (
			);
			dependencies = (
				4D8A7A161C2FB364004A3A1D /* PBXTargetDependency */,
			);
			name = MMSamplesTests;
			productName = MMSamplesTests;
			productReference = 4D8A7A141C2FB364004A3A1D /* MMSamplesTests.xctest */;
			productType = "com.apple.product-type.bundle.unit-test";
		};
		4D8A7A1E1C2FB364004A3A1D /* MMSamplesUITests */ = {
			isa = PBXNativeTarget;
			buildConfigurationList = 4D8A7A2E1C2FB364004A3A1D /* Build configuration list for PBXNativeTarget "MMSamplesUITests" */;
			buildPhases = (
				4D8A7A1B1C2FB364004A3A1D /* Sources */,
				4D8A7A1C1C2FB364004A3A1D /* Frameworks */,
				4D8A7A1D1C2FB364004A3A1D /* Resources */,
			);
			buildRules = (
			);
			dependencies = (
				4D8A7A211C2FB364004A3A1D /* PBXTargetDependency */,
			);
			name = MMSamplesUITests;
			productName = MMSamplesUITests;
			productReference = 4D8A7A1F1C2FB364004A3A1D /* MMSamplesUITests.xctest */;
			productType = "com.apple.product-type.bundle.ui-testing";
		};
/* End PBXNativeTarget section */

/* Begin PBXProject section */
		4D8A79F01C2FB364004A3A1D /* Project object */ = {
			isa = PBXProject;
			attributes = {
				LastUpgradeCheck = 0720;
				ORGANIZATIONNAME = WangQiang;
				TargetAttributes = {
					4D8A79F71C2FB364004A3A1D = {
						CreatedOnToolsVersion = 7.2;
					};
					4D8A7A131C2FB364004A3A1D = {
						CreatedOnToolsVersion = 7.2;
						TestTargetID = 4D8A79F71C2FB364004A3A1D;
					};
					4D8A7A1E1C2FB364004A3A1D = {
						CreatedOnToolsVersion = 7.2;
						TestTargetID = 4D8A79F71C2FB364004A3A1D;
					};
				};
			};
			buildConfigurationList = 4D8A79F31C2FB364004A3A1D /* Build configuration list for PBXProject "MMSamples" */;
			compatibilityVersion = "Xcode 3.2";
			developmentRegion = English;
			hasScannedForEncodings = 0;
			knownRegions = (
				en,
				Base,
			);
			mainGroup = 4D8A79EF1C2FB364004A3A1D;
			productRefGroup = 4D8A79F91C2FB364004A3A1D /* Products */;
			projectDirPath = "";
			projectRoot = "";
			targets = (
				4D8A79F71C2FB364004A3A1D /* MMSamples */,
				4D8A7A131C2FB364004A3A1D /* MMSamplesTests */,
				4D8A7A1E1C2FB364004A3A1D /* MMSamplesUITests */,
			);
		};
/* End PBXProject section */

/* Begin PBXResourcesBuildPhase section */
		4D8A79F61C2FB364004A3A1D /* Resources */ = {
			isa = PBXResourcesBuildPhase;
			buildActionMask = 2147483647;
			files = (
				4D8A7A0E1C2FB364004A3A1D /* LaunchScreen.storyboard in Resources */,
				4D8A7A0B1C2FB364004A3A1D /* Assets.xcassets in Resources */,
				4D8A7A091C2FB364004A3A1D /* Main.storyboard in Resources */,
			);
			runOnlyForDeploymentPostprocessing = 0;
		};
		4D8A7A121C2FB364004A3A1D /* Resources */ = {
			isa = PBXResourcesBuildPhase;
			buildActionMask = 2147483647;
			files = (
			);
			runOnlyForDeploymentPostprocessing = 0;
		};
		4D8A7A1D1C2FB364004A3A1D /* Resources */ = {
			isa = PBXResourcesBuildPhase;
			buildActionMask = 2147483647;
			files = (
			);
			runOnlyForDeploymentPostprocessing = 0;
		};
/* End PBXResourcesBuildPhase section */

/* Begin PBXShellScriptBuildPhase section */
		0B1136F6FAA29F078EC82F99 /* Embed Pods Frameworks */ = {
			isa = PBXShellScriptBuildPhase;
			buildActionMask = 2147483647;
			files = (
			);
			inputPaths = (
			);
			name = "Embed Pods Frameworks";
			outputPaths = (
			);
			runOnlyForDeploymentPostprocessing = 0;
			shellPath = /bin/sh;
			shellScript = "\"${SRCROOT}/../Pods/Target Support Files/Pods-MMSamples/Pods-MMSamples-frameworks.sh\"\n";
			showEnvVarsInLog = 0;
		};
		90EFDBCA68548203A4BFF8D2 /* Copy Pods Resources */ = {
			isa = PBXShellScriptBuildPhase;
			buildActionMask = 2147483647;
			files = (
			);
			inputPaths = (
			);
			name = "Copy Pods Resources";
			outputPaths = (
			);
			runOnlyForDeploymentPostprocessing = 0;
			shellPath = /bin/sh;
			shellScript = "\"${SRCROOT}/../Pods/Target Support Files/Pods-MMSamples/Pods-MMSamples-resources.sh\"\n";
			showEnvVarsInLog = 0;
		};
		CDEC21D9FE9C76E03E48625B /* Check Pods Manifest.lock */ = {
			isa = PBXShellScriptBuildPhase;
			buildActionMask = 2147483647;
			files = (
			);
			inputPaths = (
			);
			name = "Check Pods Manifest.lock";
			outputPaths = (
			);
			runOnlyForDeploymentPostprocessing = 0;
			shellPath = /bin/sh;
			shellScript = "diff \"${PODS_ROOT}/../Podfile.lock\" \"${PODS_ROOT}/Manifest.lock\" > /dev/null\nif [[ $? != 0 ]] ; then\n    cat << EOM\nerror: The sandbox is not in sync with the Podfile.lock. Run 'pod install' or update your CocoaPods installation.\nEOM\n    exit 1\nfi\n";
			showEnvVarsInLog = 0;
		};
/* End PBXShellScriptBuildPhase section */

/* Begin PBXSourcesBuildPhase section */
		4D8A79F41C2FB364004A3A1D /* Sources */ = {
			isa = PBXSourcesBuildPhase;
			buildActionMask = 2147483647;
			files = (
				4D8A7A061C2FB364004A3A1D /* SecondViewController.m in Sources */,
				4D8A7A001C2FB364004A3A1D /* AppDelegate.m in Sources */,
				4D8A7A031C2FB364004A3A1D /* FirstViewController.m in Sources */,
				4D8A79FD1C2FB364004A3A1D /* main.m in Sources */,
			);
			runOnlyForDeploymentPostprocessing = 0;
		};
		4D8A7A101C2FB364004A3A1D /* Sources */ = {
			isa = PBXSourcesBuildPhase;
			buildActionMask = 2147483647;
			files = (
				4D8A7A191C2FB364004A3A1D /* MMSamplesTests.m in Sources */,
			);
			runOnlyForDeploymentPostprocessing = 0;
		};
		4D8A7A1B1C2FB364004A3A1D /* Sources */ = {
			isa = PBXSourcesBuildPhase;
			buildActionMask = 2147483647;
			files = (
				4D8A7A241C2FB364004A3A1D /* MMSamplesUITests.m in Sources */,
			);
			runOnlyForDeploymentPostprocessing = 0;
		};
/* End PBXSourcesBuildPhase section */

/* Begin PBXTargetDependency section */
		4D8A7A161C2FB364004A3A1D /* PBXTargetDependency */ = {
			isa = PBXTargetDependency;
			target = 4D8A79F71C2FB364004A3A1D /* MMSamples */;
			targetProxy = 4D8A7A151C2FB364004A3A1D /* PBXContainerItemProxy */;
		};
		4D8A7A211C2FB364004A3A1D /* PBXTargetDependency */ = {
			isa = PBXTargetDependency;
			target = 4D8A79F71C2FB364004A3A1D /* MMSamples */;
			targetProxy = 4D8A7A201C2FB364004A3A1D /* PBXContainerItemProxy */;
		};
/* End PBXTargetDependency section */

/* Begin PBXVariantGroup section */
		4D8A7A071C2FB364004A3A1D /* Main.storyboard */ = {
			isa = PBXVariantGroup;
			children = (
				4D8A7A081C2FB364004A3A1D /* Base */,
			);
			name = Main.storyboard;
			sourceTree = "<group>";
		};
		4D8A7A0C1C2FB364004A3A1D /* LaunchScreen.storyboard */ = {
			isa = PBXVariantGroup;
			children = (
				4D8A7A0D1C2FB364004A3A1D /* Base */,
			);
			name = LaunchScreen.storyboard;
			sourceTree = "<group>";
		};
/* End PBXVariantGroup section */

/* Begin XCBuildConfiguration section */
		4D8A7A261C2FB364004A3A1D /* Debug */ = {
			isa = XCBuildConfiguration;
			buildSettings = {
				ALWAYS_SEARCH_USER_PATHS = NO;
				CLANG_CXX_LANGUAGE_STANDARD = "gnu++0x";
				CLANG_CXX_LIBRARY = "libc++";
				CLANG_ENABLE_MODULES = YES;
				CLANG_ENABLE_OBJC_ARC = YES;
				CLANG_WARN_BOOL_CONVERSION = YES;
				CLANG_WARN_CONSTANT_CONVERSION = YES;
				CLANG_WARN_DIRECT_OBJC_ISA_USAGE = YES_ERROR;
				CLANG_WARN_EMPTY_BODY = YES;
				CLANG_WARN_ENUM_CONVERSION = YES;
				CLANG_WARN_INT_CONVERSION = YES;
				CLANG_WARN_OBJC_ROOT_CLASS = YES_ERROR;
				CLANG_WARN_UNREACHABLE_CODE = YES;
				CLANG_WARN__DUPLICATE_METHOD_MATCH = YES;
				"CODE_SIGN_IDENTITY[sdk=iphoneos*]" = "iPhone Developer";
				COPY_PHASE_STRIP = NO;
				DEBUG_INFORMATION_FORMAT = dwarf;
				ENABLE_STRICT_OBJC_MSGSEND = YES;
				ENABLE_TESTABILITY = YES;
				GCC_C_LANGUAGE_STANDARD = gnu99;
				GCC_DYNAMIC_NO_PIC = NO;
				GCC_NO_COMMON_BLOCKS = YES;
				GCC_OPTIMIZATION_LEVEL = 0;
				GCC_PREPROCESSOR_DEFINITIONS = (
					"DEBUG=1",
					"$(inherited)",
				);
				GCC_WARN_64_TO_32_BIT_CONVERSION = YES;
				GCC_WARN_ABOUT_RETURN_TYPE = YES_ERROR;
				GCC_WARN_UNDECLARED_SELECTOR = YES;
				GCC_WARN_UNINITIALIZED_AUTOS = YES_AGGRESSIVE;
				GCC_WARN_UNUSED_FUNCTION = YES;
				GCC_WARN_UNUSED_VARIABLE = YES;
				IPHONEOS_DEPLOYMENT_TARGET = 9.2;
				MTL_ENABLE_DEBUG_INFO = YES;
				ONLY_ACTIVE_ARCH = YES;
				SDKROOT = iphoneos;
				TARGETED_DEVICE_FAMILY = "1,2";
			};
			name = Debug;
		};
		4D8A7A271C2FB364004A3A1D /* Release */ = {
			isa = XCBuildConfiguration;
			buildSettings = {
				ALWAYS_SEARCH_USER_PATHS = NO;
				CLANG_CXX_LANGUAGE_STANDARD = "gnu++0x";
				CLANG_CXX_LIBRARY = "libc++";
				CLANG_ENABLE_MODULES = YES;
				CLANG_ENABLE_OBJC_ARC = YES;
				CLANG_WARN_BOOL_CONVERSION = YES;
				CLANG_WARN_CONSTANT_CONVERSION = YES;
				CLANG_WARN_DIRECT_OBJC_ISA_USAGE = YES_ERROR;
				CLANG_WARN_EMPTY_BODY = YES;
				CLANG_WARN_ENUM_CONVERSION = YES;
				CLANG_WARN_INT_CONVERSION = YES;
				CLANG_WARN_OBJC_ROOT_CLASS = YES_ERROR;
				CLANG_WARN_UNREACHABLE_CODE = YES;
				CLANG_WARN__DUPLICATE_METHOD_MATCH = YES;
				"CODE_SIGN_IDENTITY[sdk=iphoneos*]" = "iPhone Developer";
				COPY_PHASE_STRIP = NO;
				DEBUG_INFORMATION_FORMAT = "dwarf-with-dsym";
				ENABLE_NS_ASSERTIONS = NO;
				ENABLE_STRICT_OBJC_MSGSEND = YES;
				GCC_C_LANGUAGE_STANDARD = gnu99;
				GCC_NO_COMMON_BLOCKS = YES;
				GCC_WARN_64_TO_32_BIT_CONVERSION = YES;
				GCC_WARN_ABOUT_RETURN_TYPE = YES_ERROR;
				GCC_WARN_UNDECLARED_SELECTOR = YES;
				GCC_WARN_UNINITIALIZED_AUTOS = YES_AGGRESSIVE;
				GCC_WARN_UNUSED_FUNCTION = YES;
				GCC_WARN_UNUSED_VARIABLE = YES;
				IPHONEOS_DEPLOYMENT_TARGET = 9.2;
				MTL_ENABLE_DEBUG_INFO = NO;
				SDKROOT = iphoneos;
				TARGETED_DEVICE_FAMILY = "1,2";
				VALIDATE_PRODUCT = YES;
			};
			name = Release;
		};
		4D8A7A291C2FB364004A3A1D /* Debug */ = {
			isa = XCBuildConfiguration;
			baseConfigurationReference = E2A62C607D25C8441DB931E2 /* Pods-MMSamples.debug.xcconfig */;
			buildSettings = {
				ASSETCATALOG_COMPILER_APPICON_NAME = AppIcon;
				INFOPLIST_FILE = MMSamples/Info.plist;
				LD_RUNPATH_SEARCH_PATHS = "$(inherited) @executable_path/Frameworks";
				PRODUCT_BUNDLE_IDENTIFIER = com.markwong..MMSamples;
				PRODUCT_NAME = "$(TARGET_NAME)";
			};
			name = Debug;
		};
		4D8A7A2A1C2FB364004A3A1D /* Release */ = {
			isa = XCBuildConfiguration;
			baseConfigurationReference = 0A00DB0C730D826709EB386E /* Pods-MMSamples.release.xcconfig */;
			buildSettings = {
				ASSETCATALOG_COMPILER_APPICON_NAME = AppIcon;
				INFOPLIST_FILE = MMSamples/Info.plist;
				LD_RUNPATH_SEARCH_PATHS = "$(inherited) @executable_path/Frameworks";
				PRODUCT_BUNDLE_IDENTIFIER = com.markwong..MMSamples;
				PRODUCT_NAME = "$(TARGET_NAME)";
			};
			name = Release;
		};
		4D8A7A2C1C2FB364004A3A1D /* Debug */ = {
			isa = XCBuildConfiguration;
			buildSettings = {
				BUNDLE_LOADER = "$(TEST_HOST)";
				INFOPLIST_FILE = MMSamplesTests/Info.plist;
				LD_RUNPATH_SEARCH_PATHS = "$(inherited) @executable_path/Frameworks @loader_path/Frameworks";
				PRODUCT_BUNDLE_IDENTIFIER = com.markwong..MMSamplesTests;
				PRODUCT_NAME = "$(TARGET_NAME)";
				TEST_HOST = "$(BUILT_PRODUCTS_DIR)/MMSamples.app/MMSamples";
			};
			name = Debug;
		};
		4D8A7A2D1C2FB364004A3A1D /* Release */ = {
			isa = XCBuildConfiguration;
			buildSettings = {
				BUNDLE_LOADER = "$(TEST_HOST)";
				INFOPLIST_FILE = MMSamplesTests/Info.plist;
				LD_RUNPATH_SEARCH_PATHS = "$(inherited) @executable_path/Frameworks @loader_path/Frameworks";
				PRODUCT_BUNDLE_IDENTIFIER = com.markwong..MMSamplesTests;
				PRODUCT_NAME = "$(TARGET_NAME)";
				TEST_HOST = "$(BUILT_PRODUCTS_DIR)/MMSamples.app/MMSamples";
			};
			name = Release;
		};
		4D8A7A2F1C2FB364004A3A1D /* Debug */ = {
			isa = XCBuildConfiguration;
			buildSettings = {
				INFOPLIST_FILE = MMSamplesUITests/Info.plist;
				LD_RUNPATH_SEARCH_PATHS = "$(inherited) @executable_path/Frameworks @loader_path/Frameworks";
				PRODUCT_BUNDLE_IDENTIFIER = com.markwong..MMSamplesUITests;
				PRODUCT_NAME = "$(TARGET_NAME)";
				TEST_TARGET_NAME = MMSamples;
				USES_XCTRUNNER = YES;
			};
			name = Debug;
		};
		4D8A7A301C2FB364004A3A1D /* Release */ = {
			isa = XCBuildConfiguration;
			buildSettings = {
				INFOPLIST_FILE = MMSamplesUITests/Info.plist;
				LD_RUNPATH_SEARCH_PATHS = "$(inherited) @executable_path/Frameworks @loader_path/Frameworks";
				PRODUCT_BUNDLE_IDENTIFIER = com.markwong..MMSamplesUITests;
				PRODUCT_NAME = "$(TARGET_NAME)";
				TEST_TARGET_NAME = MMSamples;
				USES_XCTRUNNER = YES;
			};
			name = Release;
		};
/* End XCBuildConfiguration section */

/* Begin XCConfigurationList section */
		4D8A79F31C2FB364004A3A1D /* Build configuration list for PBXProject "MMSamples" */ = {
			isa = XCConfigurationList;
			buildConfigurations = (
				4D8A7A261C2FB364004A3A1D /* Debug */,
				4D8A7A271C2FB364004A3A1D /* Release */,
			);
			defaultConfigurationIsVisible = 0;
			defaultConfigurationName = Release;
		};
		4D8A7A281C2FB364004A3A1D /* Build configuration list for PBXNativeTarget "MMSamples" */ = {
			isa = XCConfigurationList;
			buildConfigurations = (
				4D8A7A291C2FB364004A3A1D /* Debug */,
				4D8A7A2A1C2FB364004A3A1D /* Release */,
			);
			defaultConfigurationIsVisible = 0;
			defaultConfigurationName = Release;
		};
		4D8A7A2B1C2FB364004A3A1D /* Build configuration list for PBXNativeTarget "MMSamplesTests" */ = {
			isa = XCConfigurationList;
			buildConfigurations = (
				4D8A7A2C1C2FB364004A3A1D /* Debug */,
				4D8A7A2D1C2FB364004A3A1D /* Release */,
			);
			defaultConfigurationIsVisible = 0;
			defaultConfigurationName = Release;
		};
		4D8A7A2E1C2FB364004A3A1D /* Build configuration list for PBXNativeTarget "MMSamplesUITests" */ = {
			isa = XCConfigurationList;
			buildConfigurations = (
				4D8A7A2F1C2FB364004A3A1D /* Debug */,
				4D8A7A301C2FB364004A3A1D /* Release */,
			);
			defaultConfigurationIsVisible = 0;
			defaultConfigurationName = Release;
		};
/* End XCConfigurationList section */
	};
	rootObject = 4D8A79F01C2FB364004A3A1D /* Project object */;
}
