// !$*UTF8*$!
{
	archiveVersion = 1;
	classes = {
	};
	objectVersion = 48;
	objects = {

/* Begin PBXBuildFile section */
		4D906C6F2049B7EB005044F0 /* QTHomepageViewController.h in Headers */ = {isa = PBXBuildFile; fileRef = 4D906C6D2049B7EB005044F0 /* QTHomepageViewController.h */; settings = {ATTRIBUTES = (Public, ); }; };
		4D906C702049B7EB005044F0 /* QTHomepageViewController.m in Sources */ = {isa = PBXBuildFile; fileRef = 4D906C6E2049B7EB005044F0 /* QTHomepageViewController.m */; };
		4D906CCC2049D25C005044F0 /* Masonry.framework in Frameworks */ = {isa = PBXBuildFile; fileRef = 4D906CCD2049D25C005044F0 /* Masonry.framework */; };
		4D906DCA204A9A4D005044F0 /* MMCoreServices.framework in Frameworks */ = {isa = PBXBuildFile; fileRef = 4D906DCB204A9A4D005044F0 /* MMCoreServices.framework */; };
		4DD3AF18204861AD002C3B1A /* QTimeUI.framework in Frameworks */ = {isa = PBXBuildFile; fileRef = 4DD3AF0E204861AC002C3B1A /* QTimeUI.framework */; };
		4DD3AF1D204861AD002C3B1A /* QTimeUITests.m in Sources */ = {isa = PBXBuildFile; fileRef = 4DD3AF1C204861AD002C3B1A /* QTimeUITests.m */; };
		4DD3AF1F204861AD002C3B1A /* QTimeUI.h in Headers */ = {isa = PBXBuildFile; fileRef = 4DD3AF11204861AC002C3B1A /* QTimeUI.h */; settings = {ATTRIBUTES = (Public, ); }; };
		4DD3AF29204861C5002C3B1A /* QTimeFoundation.framework in Frameworks */ = {isa = PBXBuildFile; fileRef = 4DD3AF2A204861C5002C3B1A /* QTimeFoundation.framework */; };
		4DD3AF2B204861CC002C3B1A /* AnalyticsKit.framework in Frameworks */ = {isa = PBXBuildFile; fileRef = 4DD3AF2C204861CC002C3B1A /* AnalyticsKit.framework */; };
		4DD3AF2D204861D6002C3B1A /* MMLog.framework in Frameworks */ = {isa = PBXBuildFile; fileRef = 4DD3AF2E204861D6002C3B1A /* MMLog.framework */; };
		4DD3AF2F204861DF002C3B1A /* MMFoundation.framework in Frameworks */ = {isa = PBXBuildFile; fileRef = 4DD3AF30204861DF002C3B1A /* MMFoundation.framework */; };
		4DD3AF4720486243002C3B1A /* MMUIKit.framework in Frameworks */ = {isa = PBXBuildFile; fileRef = 4DD3AF4820486243002C3B1A /* MMUIKit.framework */; };
/* End PBXBuildFile section */

/* Begin PBXContainerItemProxy section */
		4DD3AF19204861AD002C3B1A /* PBXContainerItemProxy */ = {
			isa = PBXContainerItemProxy;
			containerPortal = 4DD3AF05204861AC002C3B1A /* Project object */;
			proxyType = 1;
			remoteGlobalIDString = 4DD3AF0D204861AC002C3B1A;
			remoteInfo = QTimeUI;
		};
/* End PBXContainerItemProxy section */

/* Begin PBXFileReference section */
		4D906C6D2049B7EB005044F0 /* QTHomepageViewController.h */ = {isa = PBXFileReference; lastKnownFileType = sourcecode.c.h; path = QTHomepageViewController.h; sourceTree = "<group>"; };
		4D906C6E2049B7EB005044F0 /* QTHomepageViewController.m */ = {isa = PBXFileReference; lastKnownFileType = sourcecode.c.objc; path = QTHomepageViewController.m; sourceTree = "<group>"; };
		4D906CCD2049D25C005044F0 /* Masonry.framework */ = {isa = PBXFileReference; explicitFileType = wrapper.framework; path = Masonry.framework; sourceTree = BUILT_PRODUCTS_DIR; };
		4D906DCB204A9A4D005044F0 /* MMCoreServices.framework */ = {isa = PBXFileReference; explicitFileType = wrapper.framework; path = MMCoreServices.framework; sourceTree = BUILT_PRODUCTS_DIR; };
		4DD3AF0E204861AC002C3B1A /* QTimeUI.framework */ = {isa = PBXFileReference; explicitFileType = wrapper.framework; includeInIndex = 0; path = QTimeUI.framework; sourceTree = BUILT_PRODUCTS_DIR; };
		4DD3AF11204861AC002C3B1A /* QTimeUI.h */ = {isa = PBXFileReference; lastKnownFileType = sourcecode.c.h; path = QTimeUI.h; sourceTree = "<group>"; };
		4DD3AF12204861AC002C3B1A /* Info.plist */ = {isa = PBXFileReference; lastKnownFileType = text.plist.xml; path = Info.plist; sourceTree = "<group>"; };
		4DD3AF17204861AD002C3B1A /* QTimeUITests.xctest */ = {isa = PBXFileReference; explicitFileType = wrapper.cfbundle; includeInIndex = 0; path = QTimeUITests.xctest; sourceTree = BUILT_PRODUCTS_DIR; };
		4DD3AF1C204861AD002C3B1A /* QTimeUITests.m */ = {isa = PBXFileReference; lastKnownFileType = sourcecode.c.objc; path = QTimeUITests.m; sourceTree = "<group>"; };
		4DD3AF1E204861AD002C3B1A /* Info.plist */ = {isa = PBXFileReference; lastKnownFileType = text.plist.xml; path = Info.plist; sourceTree = "<group>"; };
		4DD3AF2A204861C5002C3B1A /* QTimeFoundation.framework */ = {isa = PBXFileReference; explicitFileType = wrapper.framework; path = QTimeFoundation.framework; sourceTree = BUILT_PRODUCTS_DIR; };
		4DD3AF2C204861CC002C3B1A /* AnalyticsKit.framework */ = {isa = PBXFileReference; explicitFileType = wrapper.framework; path = AnalyticsKit.framework; sourceTree = BUILT_PRODUCTS_DIR; };
		4DD3AF2E204861D6002C3B1A /* MMLog.framework */ = {isa = PBXFileReference; explicitFileType = wrapper.framework; path = MMLog.framework; sourceTree = BUILT_PRODUCTS_DIR; };
		4DD3AF30204861DF002C3B1A /* MMFoundation.framework */ = {isa = PBXFileReference; explicitFileType = wrapper.framework; path = MMFoundation.framework; sourceTree = BUILT_PRODUCTS_DIR; };
		4DD3AF4820486243002C3B1A /* MMUIKit.framework */ = {isa = PBXFileReference; explicitFileType = wrapper.framework; path = MMUIKit.framework; sourceTree = BUILT_PRODUCTS_DIR; };
/* End PBXFileReference section */

/* Begin PBXFrameworksBuildPhase section */
		4DD3AF0A204861AC002C3B1A /* Frameworks */ = {
			isa = PBXFrameworksBuildPhase;
			buildActionMask = 2147483647;
			files = (
				4D906DCA204A9A4D005044F0 /* MMCoreServices.framework in Frameworks */,
				4D906CCC2049D25C005044F0 /* Masonry.framework in Frameworks */,
				4DD3AF4720486243002C3B1A /* MMUIKit.framework in Frameworks */,
				4DD3AF2F204861DF002C3B1A /* MMFoundation.framework in Frameworks */,
				4DD3AF2D204861D6002C3B1A /* MMLog.framework in Frameworks */,
				4DD3AF2B204861CC002C3B1A /* AnalyticsKit.framework in Frameworks */,
				4DD3AF29204861C5002C3B1A /* QTimeFoundation.framework in Frameworks */,
			);
			runOnlyForDeploymentPostprocessing = 0;
		};
		4DD3AF14204861AD002C3B1A /* Frameworks */ = {
			isa = PBXFrameworksBuildPhase;
			buildActionMask = 2147483647;
			files = (
				4DD3AF18204861AD002C3B1A /* QTimeUI.framework in Frameworks */,
			);
			runOnlyForDeploymentPostprocessing = 0;
		};
/* End PBXFrameworksBuildPhase section */

/* Begin PBXGroup section */
		4DD3AF04204861AC002C3B1A = {
			isa = PBXGroup;
			children = (
				4DD3AF10204861AC002C3B1A /* QTimeUI */,
				4DD3AF1B204861AD002C3B1A /* QTimeUITests */,
				4DD3AF0F204861AC002C3B1A /* Products */,
				4DD3AF28204861C5002C3B1A /* Frameworks */,
			);
			sourceTree = "<group>";
		};
		4DD3AF0F204861AC002C3B1A /* Products */ = {
			isa = PBXGroup;
			children = (
				4DD3AF0E204861AC002C3B1A /* QTimeUI.framework */,
				4DD3AF17204861AD002C3B1A /* QTimeUITests.xctest */,
			);
			name = Products;
			sourceTree = "<group>";
		};
		4DD3AF10204861AC002C3B1A /* QTimeUI */ = {
			isa = PBXGroup;
			children = (
				4DD3AF11204861AC002C3B1A /* QTimeUI.h */,
				4DD3AF12204861AC002C3B1A /* Info.plist */,
				4D906C6D2049B7EB005044F0 /* QTHomepageViewController.h */,
				4D906C6E2049B7EB005044F0 /* QTHomepageViewController.m */,
			);
			path = QTimeUI;
			sourceTree = "<group>";
		};
		4DD3AF1B204861AD002C3B1A /* QTimeUITests */ = {
			isa = PBXGroup;
			children = (
				4DD3AF1C204861AD002C3B1A /* QTimeUITests.m */,
				4DD3AF1E204861AD002C3B1A /* Info.plist */,
			);
			path = QTimeUITests;
			sourceTree = "<group>";
		};
		4DD3AF28204861C5002C3B1A /* Frameworks */ = {
			isa = PBXGroup;
			children = (
				4D906DCB204A9A4D005044F0 /* MMCoreServices.framework */,
				4D906CCD2049D25C005044F0 /* Masonry.framework */,
				4DD3AF4820486243002C3B1A /* MMUIKit.framework */,
				4DD3AF30204861DF002C3B1A /* MMFoundation.framework */,
				4DD3AF2E204861D6002C3B1A /* MMLog.framework */,
				4DD3AF2C204861CC002C3B1A /* AnalyticsKit.framework */,
				4DD3AF2A204861C5002C3B1A /* QTimeFoundation.framework */,
			);
			name = Frameworks;
			sourceTree = "<group>";
		};
/* End PBXGroup section */

/* Begin PBXHeadersBuildPhase section */
		4DD3AF0B204861AC002C3B1A /* Headers */ = {
			isa = PBXHeadersBuildPhase;
			buildActionMask = 2147483647;
			files = (
				4D906C6F2049B7EB005044F0 /* QTHomepageViewController.h in Headers */,
				4DD3AF1F204861AD002C3B1A /* QTimeUI.h in Headers */,
			);
			runOnlyForDeploymentPostprocessing = 0;
		};
/* End PBXHeadersBuildPhase section */

/* Begin PBXNativeTarget section */
		4DD3AF0D204861AC002C3B1A /* QTimeUI */ = {
			isa = PBXNativeTarget;
			buildConfigurationList = 4DD3AF22204861AD002C3B1A /* Build configuration list for PBXNativeTarget "QTimeUI" */;
			buildPhases = (
				4DD3AF09204861AC002C3B1A /* Sources */,
				4DD3AF0A204861AC002C3B1A /* Frameworks */,
				4DD3AF0B204861AC002C3B1A /* Headers */,
				4DD3AF0C204861AC002C3B1A /* Resources */,
			);
			buildRules = (
			);
			dependencies = (
			);
			name = QTimeUI;
			productName = QTimeUI;
			productReference = 4DD3AF0E204861AC002C3B1A /* QTimeUI.framework */;
			productType = "com.apple.product-type.framework";
		};
		4DD3AF16204861AD002C3B1A /* QTimeUITests */ = {
			isa = PBXNativeTarget;
			buildConfigurationList = 4DD3AF25204861AD002C3B1A /* Build configuration list for PBXNativeTarget "QTimeUITests" */;
			buildPhases = (
				4DD3AF13204861AD002C3B1A /* Sources */,
				4DD3AF14204861AD002C3B1A /* Frameworks */,
				4DD3AF15204861AD002C3B1A /* Resources */,
			);
			buildRules = (
			);
			dependencies = (
				4DD3AF1A204861AD002C3B1A /* PBXTargetDependency */,
			);
			name = QTimeUITests;
			productName = QTimeUITests;
			productReference = 4DD3AF17204861AD002C3B1A /* QTimeUITests.xctest */;
			productType = "com.apple.product-type.bundle.unit-test";
		};
/* End PBXNativeTarget section */

/* Begin PBXProject section */
		4DD3AF05204861AC002C3B1A /* Project object */ = {
			isa = PBXProject;
			attributes = {
				LastUpgradeCheck = 0920;
				ORGANIZATIONNAME = Mark;
				TargetAttributes = {
					4DD3AF0D204861AC002C3B1A = {
						CreatedOnToolsVersion = 9.2;
						ProvisioningStyle = Automatic;
					};
					4DD3AF16204861AD002C3B1A = {
						CreatedOnToolsVersion = 9.2;
						ProvisioningStyle = Automatic;
					};
				};
			};
			buildConfigurationList = 4DD3AF08204861AC002C3B1A /* Build configuration list for PBXProject "QTimeUI" */;
			compatibilityVersion = "Xcode 8.0";
			developmentRegion = en;
			hasScannedForEncodings = 0;
			knownRegions = (
				en,
			);
			mainGroup = 4DD3AF04204861AC002C3B1A;
			productRefGroup = 4DD3AF0F204861AC002C3B1A /* Products */;
			projectDirPath = "";
			projectRoot = "";
			targets = (
				4DD3AF0D204861AC002C3B1A /* QTimeUI */,
				4DD3AF16204861AD002C3B1A /* QTimeUITests */,
			);
		};
/* End PBXProject section */

/* Begin PBXResourcesBuildPhase section */
		4DD3AF0C204861AC002C3B1A /* Resources */ = {
			isa = PBXResourcesBuildPhase;
			buildActionMask = 2147483647;
			files = (
			);
			runOnlyForDeploymentPostprocessing = 0;
		};
		4DD3AF15204861AD002C3B1A /* Resources */ = {
			isa = PBXResourcesBuildPhase;
			buildActionMask = 2147483647;
			files = (
			);
			runOnlyForDeploymentPostprocessing = 0;
		};
/* End PBXResourcesBuildPhase section */

/* Begin PBXSourcesBuildPhase section */
		4DD3AF09204861AC002C3B1A /* Sources */ = {
			isa = PBXSourcesBuildPhase;
			buildActionMask = 2147483647;
			files = (
				4D906C702049B7EB005044F0 /* QTHomepageViewController.m in Sources */,
			);
			runOnlyForDeploymentPostprocessing = 0;
		};
		4DD3AF13204861AD002C3B1A /* Sources */ = {
			isa = PBXSourcesBuildPhase;
			buildActionMask = 2147483647;
			files = (
				4DD3AF1D204861AD002C3B1A /* QTimeUITests.m in Sources */,
			);
			runOnlyForDeploymentPostprocessing = 0;
		};
/* End PBXSourcesBuildPhase section */

/* Begin PBXTargetDependency section */
		4DD3AF1A204861AD002C3B1A /* PBXTargetDependency */ = {
			isa = PBXTargetDependency;
			target = 4DD3AF0D204861AC002C3B1A /* QTimeUI */;
			targetProxy = 4DD3AF19204861AD002C3B1A /* PBXContainerItemProxy */;
		};
/* End PBXTargetDependency section */

/* Begin XCBuildConfiguration section */
		4DD3AF20204861AD002C3B1A /* Debug */ = {
			isa = XCBuildConfiguration;
			buildSettings = {
				ALWAYS_SEARCH_USER_PATHS = NO;
				CLANG_ANALYZER_NONNULL = YES;
				CLANG_ANALYZER_NUMBER_OBJECT_CONVERSION = YES_AGGRESSIVE;
				CLANG_CXX_LANGUAGE_STANDARD = "gnu++14";
				CLANG_CXX_LIBRARY = "libc++";
				CLANG_ENABLE_MODULES = YES;
				CLANG_ENABLE_OBJC_ARC = YES;
				CLANG_WARN_BLOCK_CAPTURE_AUTORELEASING = YES;
				CLANG_WARN_BOOL_CONVERSION = YES;
				CLANG_WARN_COMMA = YES;
				CLANG_WARN_CONSTANT_CONVERSION = YES;
				CLANG_WARN_DIRECT_OBJC_ISA_USAGE = YES_ERROR;
				CLANG_WARN_DOCUMENTATION_COMMENTS = YES;
				CLANG_WARN_EMPTY_BODY = YES;
				CLANG_WARN_ENUM_CONVERSION = YES;
				CLANG_WARN_INFINITE_RECURSION = YES;
				CLANG_WARN_INT_CONVERSION = YES;
				CLANG_WARN_NON_LITERAL_NULL_CONVERSION = YES;
				CLANG_WARN_OBJC_LITERAL_CONVERSION = YES;
				CLANG_WARN_OBJC_ROOT_CLASS = YES_ERROR;
				CLANG_WARN_RANGE_LOOP_ANALYSIS = YES;
				CLANG_WARN_STRICT_PROTOTYPES = YES;
				CLANG_WARN_SUSPICIOUS_MOVE = YES;
				CLANG_WARN_UNGUARDED_AVAILABILITY = YES_AGGRESSIVE;
				CLANG_WARN_UNREACHABLE_CODE = YES;
				CLANG_WARN__DUPLICATE_METHOD_MATCH = YES;
				CODE_SIGN_IDENTITY = "iPhone Developer";
				COPY_PHASE_STRIP = NO;
				CURRENT_PROJECT_VERSION = 1;
				DEBUG_INFORMATION_FORMAT = dwarf;
				ENABLE_STRICT_OBJC_MSGSEND = YES;
				ENABLE_TESTABILITY = YES;
				GCC_C_LANGUAGE_STANDARD = gnu11;
				GCC_DYNAMIC_NO_PIC = NO;
				GCC_NO_COMMON_BLOCKS = YES;
				GCC_OPTIMIZATION_LEVEL = 0;
				GCC_PREPROCESSOR_DEFINITIONS = (
					"DEBUG=1",
					"$(inherited)",
				);
				GCC_WARN_64_TO_32_BIT_CONVERSION = YES;
				GCC_WARN_ABOUT_RETURN_TYPE = YES_ERROR;
				GCC_WARN_UNDECLARED_SELECTOR = YES;
				GCC_WARN_UNINITIALIZED_AUTOS = YES_AGGRESSIVE;
				GCC_WARN_UNUSED_FUNCTION = YES;
				GCC_WARN_UNUSED_VARIABLE = YES;
				IPHONEOS_DEPLOYMENT_TARGET = 9.0;
				MTL_ENABLE_DEBUG_INFO = YES;
				ONLY_ACTIVE_ARCH = YES;
				OTHER_LDFLAGS = "-ObjC";
				SDKROOT = iphoneos;
				VERSIONING_SYSTEM = "apple-generic";
				VERSION_INFO_PREFIX = "";
			};
			name = Debug;
		};
		4DD3AF21204861AD002C3B1A /* Release */ = {
			isa = XCBuildConfiguration;
			buildSettings = {
				ALWAYS_SEARCH_USER_PATHS = NO;
				CLANG_ANALYZER_NONNULL = YES;
				CLANG_ANALYZER_NUMBER_OBJECT_CONVERSION = YES_AGGRESSIVE;
				CLANG_CXX_LANGUAGE_STANDARD = "gnu++14";
				CLANG_CXX_LIBRARY = "libc++";
				CLANG_ENABLE_MODULES = YES;
				CLANG_ENABLE_OBJC_ARC = YES;
				CLANG_WARN_BLOCK_CAPTURE_AUTORELEASING = YES;
				CLANG_WARN_BOOL_CONVERSION = YES;
				CLANG_WARN_COMMA = YES;
				CLANG_WARN_CONSTANT_CONVERSION = YES;
				CLANG_WARN_DIRECT_OBJC_ISA_USAGE = YES_ERROR;
				CLANG_WARN_DOCUMENTATION_COMMENTS = YES;
				CLANG_WARN_EMPTY_BODY = YES;
				CLANG_WARN_ENUM_CONVERSION = YES;
				CLANG_WARN_INFINITE_RECURSION = YES;
				CLANG_WARN_INT_CONVERSION = YES;
				CLANG_WARN_NON_LITERAL_NULL_CONVERSION = YES;
				CLANG_WARN_OBJC_LITERAL_CONVERSION = YES;
				CLANG_WARN_OBJC_ROOT_CLASS = YES_ERROR;
				CLANG_WARN_RANGE_LOOP_ANALYSIS = YES;
				CLANG_WARN_STRICT_PROTOTYPES = YES;
				CLANG_WARN_SUSPICIOUS_MOVE = YES;
				CLANG_WARN_UNGUARDED_AVAILABILITY = YES_AGGRESSIVE;
				CLANG_WARN_UNREACHABLE_CODE = YES;
				CLANG_WARN__DUPLICATE_METHOD_MATCH = YES;
				CODE_SIGN_IDENTITY = "iPhone Developer";
				COPY_PHASE_STRIP = NO;
				CURRENT_PROJECT_VERSION = 1;
				DEBUG_INFORMATION_FORMAT = "dwarf-with-dsym";
				ENABLE_NS_ASSERTIONS = NO;
				ENABLE_STRICT_OBJC_MSGSEND = YES;
				GCC_C_LANGUAGE_STANDARD = gnu11;
				GCC_NO_COMMON_BLOCKS = YES;
				GCC_WARN_64_TO_32_BIT_CONVERSION = YES;
				GCC_WARN_ABOUT_RETURN_TYPE = YES_ERROR;
				GCC_WARN_UNDECLARED_SELECTOR = YES;
				GCC_WARN_UNINITIALIZED_AUTOS = YES_AGGRESSIVE;
				GCC_WARN_UNUSED_FUNCTION = YES;
				GCC_WARN_UNUSED_VARIABLE = YES;
				IPHONEOS_DEPLOYMENT_TARGET = 9.0;
				MTL_ENABLE_DEBUG_INFO = NO;
				OTHER_LDFLAGS = "-ObjC";
				SDKROOT = iphoneos;
				VALIDATE_PRODUCT = YES;
				VERSIONING_SYSTEM = "apple-generic";
				VERSION_INFO_PREFIX = "";
			};
			name = Release;
		};
		4DD3AF23204861AD002C3B1A /* Debug */ = {
			isa = XCBuildConfiguration;
			buildSettings = {
				CODE_SIGN_IDENTITY = "";
				CODE_SIGN_STYLE = Automatic;
				DEFINES_MODULE = YES;
				DEVELOPMENT_TEAM = ZM5DUKP89C;
				DYLIB_COMPATIBILITY_VERSION = 1;
				DYLIB_CURRENT_VERSION = 1;
				DYLIB_INSTALL_NAME_BASE = "@rpath";
				INFOPLIST_FILE = QTimeUI/Info.plist;
				INSTALL_PATH = "$(LOCAL_LIBRARY_DIR)/Frameworks";
				LD_RUNPATH_SEARCH_PATHS = "$(inherited) @executable_path/Frameworks @loader_path/Frameworks";
				MACH_O_TYPE = staticlib;
				OTHER_LDFLAGS = "-ObjC";
				PRODUCT_BUNDLE_IDENTIFIER = com.mark..QTimeUI;
				PRODUCT_NAME = "$(TARGET_NAME:c99extidentifier)";
				SKIP_INSTALL = YES;
				TARGETED_DEVICE_FAMILY = "1,2";
			};
			name = Debug;
		};
		4DD3AF24204861AD002C3B1A /* Release */ = {
			isa = XCBuildConfiguration;
			buildSettings = {
				CODE_SIGN_IDENTITY = "";
				CODE_SIGN_STYLE = Automatic;
				DEFINES_MODULE = YES;
				DEVELOPMENT_TEAM = ZM5DUKP89C;
				DYLIB_COMPATIBILITY_VERSION = 1;
				DYLIB_CURRENT_VERSION = 1;
				DYLIB_INSTALL_NAME_BASE = "@rpath";
				INFOPLIST_FILE = QTimeUI/Info.plist;
				INSTALL_PATH = "$(LOCAL_LIBRARY_DIR)/Frameworks";
				LD_RUNPATH_SEARCH_PATHS = "$(inherited) @executable_path/Frameworks @loader_path/Frameworks";
				MACH_O_TYPE = staticlib;
				OTHER_LDFLAGS = "-ObjC";
				PRODUCT_BUNDLE_IDENTIFIER = com.mark..QTimeUI;
				PRODUCT_NAME = "$(TARGET_NAME:c99extidentifier)";
				SKIP_INSTALL = YES;
				TARGETED_DEVICE_FAMILY = "1,2";
			};
			name = Release;
		};
		4DD3AF26204861AD002C3B1A /* Debug */ = {
			isa = XCBuildConfiguration;
			buildSettings = {
				CODE_SIGN_STYLE = Automatic;
				DEVELOPMENT_TEAM = ZM5DUKP89C;
				INFOPLIST_FILE = QTimeUITests/Info.plist;
				LD_RUNPATH_SEARCH_PATHS = "$(inherited) @executable_path/Frameworks @loader_path/Frameworks";
				PRODUCT_BUNDLE_IDENTIFIER = com.mark..QTimeUITests;
				PRODUCT_NAME = "$(TARGET_NAME)";
				TARGETED_DEVICE_FAMILY = "1,2";
			};
			name = Debug;
		};
		4DD3AF27204861AD002C3B1A /* Release */ = {
			isa = XCBuildConfiguration;
			buildSettings = {
				CODE_SIGN_STYLE = Automatic;
				DEVELOPMENT_TEAM = ZM5DUKP89C;
				INFOPLIST_FILE = QTimeUITests/Info.plist;
				LD_RUNPATH_SEARCH_PATHS = "$(inherited) @executable_path/Frameworks @loader_path/Frameworks";
				PRODUCT_BUNDLE_IDENTIFIER = com.mark..QTimeUITests;
				PRODUCT_NAME = "$(TARGET_NAME)";
				TARGETED_DEVICE_FAMILY = "1,2";
			};
			name = Release;
		};
/* End XCBuildConfiguration section */

/* Begin XCConfigurationList section */
		4DD3AF08204861AC002C3B1A /* Build configuration list for PBXProject "QTimeUI" */ = {
			isa = XCConfigurationList;
			buildConfigurations = (
				4DD3AF20204861AD002C3B1A /* Debug */,
				4DD3AF21204861AD002C3B1A /* Release */,
			);
			defaultConfigurationIsVisible = 0;
			defaultConfigurationName = Release;
		};
		4DD3AF22204861AD002C3B1A /* Build configuration list for PBXNativeTarget "QTimeUI" */ = {
			isa = XCConfigurationList;
			buildConfigurations = (
				4DD3AF23204861AD002C3B1A /* Debug */,
				4DD3AF24204861AD002C3B1A /* Release */,
			);
			defaultConfigurationIsVisible = 0;
			defaultConfigurationName = Release;
		};
		4DD3AF25204861AD002C3B1A /* Build configuration list for PBXNativeTarget "QTimeUITests" */ = {
			isa = XCConfigurationList;
			buildConfigurations = (
				4DD3AF26204861AD002C3B1A /* Debug */,
				4DD3AF27204861AD002C3B1A /* Release */,
			);
			defaultConfigurationIsVisible = 0;
			defaultConfigurationName = Release;
		};
/* End XCConfigurationList section */
	};
	rootObject = 4DD3AF05204861AC002C3B1A /* Project object */;
}
