// !$*UTF8*$!
{
	archiveVersion = 1;
	classes = {
	};
	objectVersion = 48;
	objects = {

/* Begin PBXBuildFile section */
		4D66A04B202899A80013B3A4 /* MMArchitecture.framework in Frameworks */ = {isa = PBXBuildFile; fileRef = 4D66A04C202899A80013B3A4 /* MMArchitecture.framework */; };
		4D7C0F41202F01C9008C6CE0 /* MMFoundation.framework in Frameworks */ = {isa = PBXBuildFile; fileRef = 4D7C0F42202F01C9008C6CE0 /* MMFoundation.framework */; };
		4D8EB05F201F8E4E00392C16 /* AppDelegate.m in Sources */ = {isa = PBXBuildFile; fileRef = 4D8EB05E201F8E4E00392C16 /* AppDelegate.m */; };
		4D8EB062201F8E4E00392C16 /* FirstViewController.m in Sources */ = {isa = PBXBuildFile; fileRef = 4D8EB061201F8E4E00392C16 /* FirstViewController.m */; };
		4D8EB065201F8E4E00392C16 /* SecondViewController.m in Sources */ = {isa = PBXBuildFile; fileRef = 4D8EB064201F8E4E00392C16 /* SecondViewController.m */; };
		4D8EB068201F8E4E00392C16 /* Main.storyboard in Resources */ = {isa = PBXBuildFile; fileRef = 4D8EB066201F8E4E00392C16 /* Main.storyboard */; };
		4D8EB06A201F8E4F00392C16 /* Assets.xcassets in Resources */ = {isa = PBXBuildFile; fileRef = 4D8EB069201F8E4F00392C16 /* Assets.xcassets */; };
		4D8EB06D201F8E4F00392C16 /* LaunchScreen.storyboard in Resources */ = {isa = PBXBuildFile; fileRef = 4D8EB06B201F8E4F00392C16 /* LaunchScreen.storyboard */; };
		4D8EB070201F8E4F00392C16 /* main.m in Sources */ = {isa = PBXBuildFile; fileRef = 4D8EB06F201F8E4F00392C16 /* main.m */; };
		4D8EB07A201F8E4F00392C16 /* MMExamplesTests.m in Sources */ = {isa = PBXBuildFile; fileRef = 4D8EB079201F8E4F00392C16 /* MMExamplesTests.m */; };
		4D8EB085201F8E4F00392C16 /* MMExamplesUITests.m in Sources */ = {isa = PBXBuildFile; fileRef = 4D8EB084201F8E4F00392C16 /* MMExamplesUITests.m */; };
		4D8EB109202379A700392C16 /* DPPerson.m in Sources */ = {isa = PBXBuildFile; fileRef = 4D8EB108202379A700392C16 /* DPPerson.m */; };
		4D8EB10A202379A700392C16 /* DPPerson.m in Sources */ = {isa = PBXBuildFile; fileRef = 4D8EB108202379A700392C16 /* DPPerson.m */; };
		4D8EB10B202379A700392C16 /* DPPerson.m in Sources */ = {isa = PBXBuildFile; fileRef = 4D8EB108202379A700392C16 /* DPPerson.m */; };
		4D8EB10F20237B1500392C16 /* DPPersonProxy.m in Sources */ = {isa = PBXBuildFile; fileRef = 4D8EB10E20237B1500392C16 /* DPPersonProxy.m */; };
		4D8EB11020237B1500392C16 /* DPPersonProxy.m in Sources */ = {isa = PBXBuildFile; fileRef = 4D8EB10E20237B1500392C16 /* DPPersonProxy.m */; };
		4D8EB11120237B1500392C16 /* DPPersonProxy.m in Sources */ = {isa = PBXBuildFile; fileRef = 4D8EB10E20237B1500392C16 /* DPPersonProxy.m */; };
		4D9EE49A2031CB600030946B /* MMLog.framework in Frameworks */ = {isa = PBXBuildFile; fileRef = 4D9EE49B2031CB600030946B /* MMLog.framework */; };
/* End PBXBuildFile section */

/* Begin PBXContainerItemProxy section */
		4D8EB076201F8E4F00392C16 /* PBXContainerItemProxy */ = {
			isa = PBXContainerItemProxy;
			containerPortal = 4D8EB052201F8E4E00392C16 /* Project object */;
			proxyType = 1;
			remoteGlobalIDString = 4D8EB059201F8E4E00392C16;
			remoteInfo = MMExamples;
		};
		4D8EB081201F8E4F00392C16 /* PBXContainerItemProxy */ = {
			isa = PBXContainerItemProxy;
			containerPortal = 4D8EB052201F8E4E00392C16 /* Project object */;
			proxyType = 1;
			remoteGlobalIDString = 4D8EB059201F8E4E00392C16;
			remoteInfo = MMExamples;
		};
/* End PBXContainerItemProxy section */

/* Begin PBXFileReference section */
		4D66A04C202899A80013B3A4 /* MMArchitecture.framework */ = {isa = PBXFileReference; explicitFileType = wrapper.framework; path = MMArchitecture.framework; sourceTree = BUILT_PRODUCTS_DIR; };
		4D7C0F42202F01C9008C6CE0 /* MMFoundation.framework */ = {isa = PBXFileReference; explicitFileType = wrapper.framework; path = MMFoundation.framework; sourceTree = BUILT_PRODUCTS_DIR; };
		4D8EB05A201F8E4E00392C16 /* MMExamples.app */ = {isa = PBXFileReference; explicitFileType = wrapper.application; includeInIndex = 0; path = MMExamples.app; sourceTree = BUILT_PRODUCTS_DIR; };
		4D8EB05D201F8E4E00392C16 /* AppDelegate.h */ = {isa = PBXFileReference; lastKnownFileType = sourcecode.c.h; path = AppDelegate.h; sourceTree = "<group>"; };
		4D8EB05E201F8E4E00392C16 /* AppDelegate.m */ = {isa = PBXFileReference; lastKnownFileType = sourcecode.c.objc; path = AppDelegate.m; sourceTree = "<group>"; };
		4D8EB060201F8E4E00392C16 /* FirstViewController.h */ = {isa = PBXFileReference; lastKnownFileType = sourcecode.c.h; path = FirstViewController.h; sourceTree = "<group>"; };
		4D8EB061201F8E4E00392C16 /* FirstViewController.m */ = {isa = PBXFileReference; lastKnownFileType = sourcecode.c.objc; path = FirstViewController.m; sourceTree = "<group>"; };
		4D8EB063201F8E4E00392C16 /* SecondViewController.h */ = {isa = PBXFileReference; lastKnownFileType = sourcecode.c.h; path = SecondViewController.h; sourceTree = "<group>"; };
		4D8EB064201F8E4E00392C16 /* SecondViewController.m */ = {isa = PBXFileReference; lastKnownFileType = sourcecode.c.objc; path = SecondViewController.m; sourceTree = "<group>"; };
		4D8EB067201F8E4E00392C16 /* Base */ = {isa = PBXFileReference; lastKnownFileType = file.storyboard; name = Base; path = Base.lproj/Main.storyboard; sourceTree = "<group>"; };
		4D8EB069201F8E4F00392C16 /* Assets.xcassets */ = {isa = PBXFileReference; lastKnownFileType = folder.assetcatalog; path = Assets.xcassets; sourceTree = "<group>"; };
		4D8EB06C201F8E4F00392C16 /* Base */ = {isa = PBXFileReference; lastKnownFileType = file.storyboard; name = Base; path = Base.lproj/LaunchScreen.storyboard; sourceTree = "<group>"; };
		4D8EB06E201F8E4F00392C16 /* Info.plist */ = {isa = PBXFileReference; lastKnownFileType = text.plist.xml; path = Info.plist; sourceTree = "<group>"; };
		4D8EB06F201F8E4F00392C16 /* main.m */ = {isa = PBXFileReference; lastKnownFileType = sourcecode.c.objc; path = main.m; sourceTree = "<group>"; };
		4D8EB075201F8E4F00392C16 /* MMExamplesTests.xctest */ = {isa = PBXFileReference; explicitFileType = wrapper.cfbundle; includeInIndex = 0; path = MMExamplesTests.xctest; sourceTree = BUILT_PRODUCTS_DIR; };
		4D8EB079201F8E4F00392C16 /* MMExamplesTests.m */ = {isa = PBXFileReference; lastKnownFileType = sourcecode.c.objc; path = MMExamplesTests.m; sourceTree = "<group>"; };
		4D8EB07B201F8E4F00392C16 /* Info.plist */ = {isa = PBXFileReference; lastKnownFileType = text.plist.xml; path = Info.plist; sourceTree = "<group>"; };
		4D8EB080201F8E4F00392C16 /* MMExamplesUITests.xctest */ = {isa = PBXFileReference; explicitFileType = wrapper.cfbundle; includeInIndex = 0; path = MMExamplesUITests.xctest; sourceTree = BUILT_PRODUCTS_DIR; };
		4D8EB084201F8E4F00392C16 /* MMExamplesUITests.m */ = {isa = PBXFileReference; lastKnownFileType = sourcecode.c.objc; path = MMExamplesUITests.m; sourceTree = "<group>"; };
		4D8EB086201F8E4F00392C16 /* Info.plist */ = {isa = PBXFileReference; lastKnownFileType = text.plist.xml; path = Info.plist; sourceTree = "<group>"; };
		4D8EB094201F8E5C00392C16 /* MMCore.framework */ = {isa = PBXFileReference; explicitFileType = wrapper.framework; path = MMCore.framework; sourceTree = BUILT_PRODUCTS_DIR; };
		4D8EB102201F933D00392C16 /* MMCoreServices.framework */ = {isa = PBXFileReference; explicitFileType = wrapper.framework; path = MMCoreServices.framework; sourceTree = BUILT_PRODUCTS_DIR; };
		4D8EB107202379A700392C16 /* DPPerson.h */ = {isa = PBXFileReference; lastKnownFileType = sourcecode.c.h; path = DPPerson.h; sourceTree = "<group>"; };
		4D8EB108202379A700392C16 /* DPPerson.m */ = {isa = PBXFileReference; lastKnownFileType = sourcecode.c.objc; path = DPPerson.m; sourceTree = "<group>"; };
		4D8EB10C20237A2500392C16 /* DPPersonProtocol.h */ = {isa = PBXFileReference; lastKnownFileType = sourcecode.c.h; path = DPPersonProtocol.h; sourceTree = "<group>"; };
		4D8EB10D20237B1500392C16 /* DPPersonProxy.h */ = {isa = PBXFileReference; lastKnownFileType = sourcecode.c.h; path = DPPersonProxy.h; sourceTree = "<group>"; };
		4D8EB10E20237B1500392C16 /* DPPersonProxy.m */ = {isa = PBXFileReference; lastKnownFileType = sourcecode.c.objc; path = DPPersonProxy.m; sourceTree = "<group>"; };
		4D9EE49B2031CB600030946B /* MMLog.framework */ = {isa = PBXFileReference; explicitFileType = wrapper.framework; path = MMLog.framework; sourceTree = BUILT_PRODUCTS_DIR; };
/* End PBXFileReference section */

/* Begin PBXFrameworksBuildPhase section */
		4D8EB057201F8E4E00392C16 /* Frameworks */ = {
			isa = PBXFrameworksBuildPhase;
			buildActionMask = 2147483647;
			files = (
				4D9EE49A2031CB600030946B /* MMLog.framework in Frameworks */,
				4D7C0F41202F01C9008C6CE0 /* MMFoundation.framework in Frameworks */,
				4D66A04B202899A80013B3A4 /* MMArchitecture.framework in Frameworks */,
			);
			runOnlyForDeploymentPostprocessing = 0;
		};
		4D8EB072201F8E4F00392C16 /* Frameworks */ = {
			isa = PBXFrameworksBuildPhase;
			buildActionMask = 2147483647;
			files = (
			);
			runOnlyForDeploymentPostprocessing = 0;
		};
		4D8EB07D201F8E4F00392C16 /* Frameworks */ = {
			isa = PBXFrameworksBuildPhase;
			buildActionMask = 2147483647;
			files = (
			);
			runOnlyForDeploymentPostprocessing = 0;
		};
/* End PBXFrameworksBuildPhase section */

/* Begin PBXGroup section */
		4D8EB051201F8E4E00392C16 = {
			isa = PBXGroup;
			children = (
				4D8EB05C201F8E4E00392C16 /* MMExamples */,
				4D8EB078201F8E4F00392C16 /* MMExamplesTests */,
				4D8EB083201F8E4F00392C16 /* MMExamplesUITests */,
				4D8EB05B201F8E4E00392C16 /* Products */,
				4D8EB092201F8E5C00392C16 /* Frameworks */,
			);
			sourceTree = "<group>";
		};
		4D8EB05B201F8E4E00392C16 /* Products */ = {
			isa = PBXGroup;
			children = (
				4D8EB05A201F8E4E00392C16 /* MMExamples.app */,
				4D8EB075201F8E4F00392C16 /* MMExamplesTests.xctest */,
				4D8EB080201F8E4F00392C16 /* MMExamplesUITests.xctest */,
			);
			name = Products;
			sourceTree = "<group>";
		};
		4D8EB05C201F8E4E00392C16 /* MMExamples */ = {
			isa = PBXGroup;
			children = (
				4D8EB1052023798A00392C16 /* designpatterns */,
				4D8EB05D201F8E4E00392C16 /* AppDelegate.h */,
				4D8EB05E201F8E4E00392C16 /* AppDelegate.m */,
				4D8EB060201F8E4E00392C16 /* FirstViewController.h */,
				4D8EB061201F8E4E00392C16 /* FirstViewController.m */,
				4D8EB063201F8E4E00392C16 /* SecondViewController.h */,
				4D8EB064201F8E4E00392C16 /* SecondViewController.m */,
				4D8EB066201F8E4E00392C16 /* Main.storyboard */,
				4D8EB069201F8E4F00392C16 /* Assets.xcassets */,
				4D8EB06B201F8E4F00392C16 /* LaunchScreen.storyboard */,
				4D8EB06E201F8E4F00392C16 /* Info.plist */,
				4D8EB06F201F8E4F00392C16 /* main.m */,
			);
			path = MMExamples;
			sourceTree = "<group>";
		};
		4D8EB078201F8E4F00392C16 /* MMExamplesTests */ = {
			isa = PBXGroup;
			children = (
				4D8EB079201F8E4F00392C16 /* MMExamplesTests.m */,
				4D8EB07B201F8E4F00392C16 /* Info.plist */,
			);
			path = MMExamplesTests;
			sourceTree = "<group>";
		};
		4D8EB083201F8E4F00392C16 /* MMExamplesUITests */ = {
			isa = PBXGroup;
			children = (
				4D8EB084201F8E4F00392C16 /* MMExamplesUITests.m */,
				4D8EB086201F8E4F00392C16 /* Info.plist */,
			);
			path = MMExamplesUITests;
			sourceTree = "<group>";
		};
		4D8EB092201F8E5C00392C16 /* Frameworks */ = {
			isa = PBXGroup;
			children = (
				4D9EE49B2031CB600030946B /* MMLog.framework */,
				4D7C0F42202F01C9008C6CE0 /* MMFoundation.framework */,
				4D66A04C202899A80013B3A4 /* MMArchitecture.framework */,
				4D8EB102201F933D00392C16 /* MMCoreServices.framework */,
				4D8EB094201F8E5C00392C16 /* MMCore.framework */,
			);
			name = Frameworks;
			sourceTree = "<group>";
		};
		4D8EB1052023798A00392C16 /* designpatterns */ = {
			isa = PBXGroup;
			children = (
				4D8EB1062023798A00392C16 /* dynamicproxy */,
			);
			path = designpatterns;
			sourceTree = "<group>";
		};
		4D8EB1062023798A00392C16 /* dynamicproxy */ = {
			isa = PBXGroup;
			children = (
				4D8EB10C20237A2500392C16 /* DPPersonProtocol.h */,
				4D8EB107202379A700392C16 /* DPPerson.h */,
				4D8EB108202379A700392C16 /* DPPerson.m */,
				4D8EB10D20237B1500392C16 /* DPPersonProxy.h */,
				4D8EB10E20237B1500392C16 /* DPPersonProxy.m */,
			);
			path = dynamicproxy;
			sourceTree = "<group>";
		};
/* End PBXGroup section */

/* Begin PBXNativeTarget section */
		4D8EB059201F8E4E00392C16 /* MMExamples */ = {
			isa = PBXNativeTarget;
			buildConfigurationList = 4D8EB089201F8E4F00392C16 /* Build configuration list for PBXNativeTarget "MMExamples" */;
			buildPhases = (
				4D8EB056201F8E4E00392C16 /* Sources */,
				4D8EB057201F8E4E00392C16 /* Frameworks */,
				4D8EB058201F8E4E00392C16 /* Resources */,
			);
			buildRules = (
			);
			dependencies = (
			);
			name = MMExamples;
			productName = MMExamples;
			productReference = 4D8EB05A201F8E4E00392C16 /* MMExamples.app */;
			productType = "com.apple.product-type.application";
		};
		4D8EB074201F8E4F00392C16 /* MMExamplesTests */ = {
			isa = PBXNativeTarget;
			buildConfigurationList = 4D8EB08C201F8E4F00392C16 /* Build configuration list for PBXNativeTarget "MMExamplesTests" */;
			buildPhases = (
				4D8EB071201F8E4F00392C16 /* Sources */,
				4D8EB072201F8E4F00392C16 /* Frameworks */,
				4D8EB073201F8E4F00392C16 /* Resources */,
			);
			buildRules = (
			);
			dependencies = (
				4D8EB077201F8E4F00392C16 /* PBXTargetDependency */,
			);
			name = MMExamplesTests;
			productName = MMExamplesTests;
			productReference = 4D8EB075201F8E4F00392C16 /* MMExamplesTests.xctest */;
			productType = "com.apple.product-type.bundle.unit-test";
		};
		4D8EB07F201F8E4F00392C16 /* MMExamplesUITests */ = {
			isa = PBXNativeTarget;
			buildConfigurationList = 4D8EB08F201F8E4F00392C16 /* Build configuration list for PBXNativeTarget "MMExamplesUITests" */;
			buildPhases = (
				4D8EB07C201F8E4F00392C16 /* Sources */,
				4D8EB07D201F8E4F00392C16 /* Frameworks */,
				4D8EB07E201F8E4F00392C16 /* Resources */,
			);
			buildRules = (
			);
			dependencies = (
				4D8EB082201F8E4F00392C16 /* PBXTargetDependency */,
			);
			name = MMExamplesUITests;
			productName = MMExamplesUITests;
			productReference = 4D8EB080201F8E4F00392C16 /* MMExamplesUITests.xctest */;
			productType = "com.apple.product-type.bundle.ui-testing";
		};
/* End PBXNativeTarget section */

/* Begin PBXProject section */
		4D8EB052201F8E4E00392C16 /* Project object */ = {
			isa = PBXProject;
			attributes = {
				LastUpgradeCheck = 0920;
				ORGANIZATIONNAME = WangQiang;
				TargetAttributes = {
					4D8EB059201F8E4E00392C16 = {
						CreatedOnToolsVersion = 9.2;
						ProvisioningStyle = Automatic;
					};
					4D8EB074201F8E4F00392C16 = {
						CreatedOnToolsVersion = 9.2;
						ProvisioningStyle = Automatic;
						TestTargetID = 4D8EB059201F8E4E00392C16;
					};
					4D8EB07F201F8E4F00392C16 = {
						CreatedOnToolsVersion = 9.2;
						ProvisioningStyle = Automatic;
						TestTargetID = 4D8EB059201F8E4E00392C16;
					};
				};
			};
			buildConfigurationList = 4D8EB055201F8E4E00392C16 /* Build configuration list for PBXProject "MMExamples" */;
			compatibilityVersion = "Xcode 8.0";
			developmentRegion = en;
			hasScannedForEncodings = 0;
			knownRegions = (
				en,
				Base,
			);
			mainGroup = 4D8EB051201F8E4E00392C16;
			productRefGroup = 4D8EB05B201F8E4E00392C16 /* Products */;
			projectDirPath = "";
			projectRoot = "";
			targets = (
				4D8EB059201F8E4E00392C16 /* MMExamples */,
				4D8EB074201F8E4F00392C16 /* MMExamplesTests */,
				4D8EB07F201F8E4F00392C16 /* MMExamplesUITests */,
			);
		};
/* End PBXProject section */

/* Begin PBXResourcesBuildPhase section */
		4D8EB058201F8E4E00392C16 /* Resources */ = {
			isa = PBXResourcesBuildPhase;
			buildActionMask = 2147483647;
			files = (
				4D8EB06D201F8E4F00392C16 /* LaunchScreen.storyboard in Resources */,
				4D8EB06A201F8E4F00392C16 /* Assets.xcassets in Resources */,
				4D8EB068201F8E4E00392C16 /* Main.storyboard in Resources */,
			);
			runOnlyForDeploymentPostprocessing = 0;
		};
		4D8EB073201F8E4F00392C16 /* Resources */ = {
			isa = PBXResourcesBuildPhase;
			buildActionMask = 2147483647;
			files = (
			);
			runOnlyForDeploymentPostprocessing = 0;
		};
		4D8EB07E201F8E4F00392C16 /* Resources */ = {
			isa = PBXResourcesBuildPhase;
			buildActionMask = 2147483647;
			files = (
			);
			runOnlyForDeploymentPostprocessing = 0;
		};
/* End PBXResourcesBuildPhase section */

/* Begin PBXSourcesBuildPhase section */
		4D8EB056201F8E4E00392C16 /* Sources */ = {
			isa = PBXSourcesBuildPhase;
			buildActionMask = 2147483647;
			files = (
				4D8EB065201F8E4E00392C16 /* SecondViewController.m in Sources */,
				4D8EB05F201F8E4E00392C16 /* AppDelegate.m in Sources */,
				4D8EB109202379A700392C16 /* DPPerson.m in Sources */,
				4D8EB10F20237B1500392C16 /* DPPersonProxy.m in Sources */,
				4D8EB070201F8E4F00392C16 /* main.m in Sources */,
				4D8EB062201F8E4E00392C16 /* FirstViewController.m in Sources */,
			);
			runOnlyForDeploymentPostprocessing = 0;
		};
		4D8EB071201F8E4F00392C16 /* Sources */ = {
			isa = PBXSourcesBuildPhase;
			buildActionMask = 2147483647;
			files = (
				4D8EB11020237B1500392C16 /* DPPersonProxy.m in Sources */,
				4D8EB10A202379A700392C16 /* DPPerson.m in Sources */,
				4D8EB07A201F8E4F00392C16 /* MMExamplesTests.m in Sources */,
			);
			runOnlyForDeploymentPostprocessing = 0;
		};
		4D8EB07C201F8E4F00392C16 /* Sources */ = {
			isa = PBXSourcesBuildPhase;
			buildActionMask = 2147483647;
			files = (
				4D8EB11120237B1500392C16 /* DPPersonProxy.m in Sources */,
				4D8EB10B202379A700392C16 /* DPPerson.m in Sources */,
				4D8EB085201F8E4F00392C16 /* MMExamplesUITests.m in Sources */,
			);
			runOnlyForDeploymentPostprocessing = 0;
		};
/* End PBXSourcesBuildPhase section */

/* Begin PBXTargetDependency section */
		4D8EB077201F8E4F00392C16 /* PBXTargetDependency */ = {
			isa = PBXTargetDependency;
			target = 4D8EB059201F8E4E00392C16 /* MMExamples */;
			targetProxy = 4D8EB076201F8E4F00392C16 /* PBXContainerItemProxy */;
		};
		4D8EB082201F8E4F00392C16 /* PBXTargetDependency */ = {
			isa = PBXTargetDependency;
			target = 4D8EB059201F8E4E00392C16 /* MMExamples */;
			targetProxy = 4D8EB081201F8E4F00392C16 /* PBXContainerItemProxy */;
		};
/* End PBXTargetDependency section */

/* Begin PBXVariantGroup section */
		4D8EB066201F8E4E00392C16 /* Main.storyboard */ = {
			isa = PBXVariantGroup;
			children = (
				4D8EB067201F8E4E00392C16 /* Base */,
			);
			name = Main.storyboard;
			sourceTree = "<group>";
		};
		4D8EB06B201F8E4F00392C16 /* LaunchScreen.storyboard */ = {
			isa = PBXVariantGroup;
			children = (
				4D8EB06C201F8E4F00392C16 /* Base */,
			);
			name = LaunchScreen.storyboard;
			sourceTree = "<group>";
		};
/* End PBXVariantGroup section */

/* Begin XCBuildConfiguration section */
		4D8EB087201F8E4F00392C16 /* Debug */ = {
			isa = XCBuildConfiguration;
			buildSettings = {
				ALWAYS_SEARCH_USER_PATHS = NO;
				CLANG_ANALYZER_NONNULL = YES;
				CLANG_ANALYZER_NUMBER_OBJECT_CONVERSION = YES_AGGRESSIVE;
				CLANG_CXX_LANGUAGE_STANDARD = "gnu++14";
				CLANG_CXX_LIBRARY = "libc++";
				CLANG_ENABLE_MODULES = YES;
				CLANG_ENABLE_OBJC_ARC = YES;
				CLANG_WARN_BLOCK_CAPTURE_AUTORELEASING = YES;
				CLANG_WARN_BOOL_CONVERSION = YES;
				CLANG_WARN_COMMA = YES;
				CLANG_WARN_CONSTANT_CONVERSION = YES;
				CLANG_WARN_DIRECT_OBJC_ISA_USAGE = YES_ERROR;
				CLANG_WARN_DOCUMENTATION_COMMENTS = YES;
				CLANG_WARN_EMPTY_BODY = YES;
				CLANG_WARN_ENUM_CONVERSION = YES;
				CLANG_WARN_INFINITE_RECURSION = YES;
				CLANG_WARN_INT_CONVERSION = YES;
				CLANG_WARN_NON_LITERAL_NULL_CONVERSION = YES;
				CLANG_WARN_OBJC_LITERAL_CONVERSION = YES;
				CLANG_WARN_OBJC_ROOT_CLASS = YES_ERROR;
				CLANG_WARN_RANGE_LOOP_ANALYSIS = YES;
				CLANG_WARN_STRICT_PROTOTYPES = YES;
				CLANG_WARN_SUSPICIOUS_MOVE = YES;
				CLANG_WARN_UNGUARDED_AVAILABILITY = YES_AGGRESSIVE;
				CLANG_WARN_UNREACHABLE_CODE = YES;
				CLANG_WARN__DUPLICATE_METHOD_MATCH = YES;
				CODE_SIGN_IDENTITY = "iPhone Developer";
				COPY_PHASE_STRIP = NO;
				DEBUG_INFORMATION_FORMAT = dwarf;
				ENABLE_STRICT_OBJC_MSGSEND = YES;
				ENABLE_TESTABILITY = YES;
				GCC_C_LANGUAGE_STANDARD = gnu11;
				GCC_DYNAMIC_NO_PIC = NO;
				GCC_NO_COMMON_BLOCKS = YES;
				GCC_OPTIMIZATION_LEVEL = 0;
				GCC_PREPROCESSOR_DEFINITIONS = (
					"DEBUG=1",
					"$(inherited)",
				);
				GCC_WARN_64_TO_32_BIT_CONVERSION = YES;
				GCC_WARN_ABOUT_RETURN_TYPE = YES_ERROR;
				GCC_WARN_UNDECLARED_SELECTOR = YES;
				GCC_WARN_UNINITIALIZED_AUTOS = YES_AGGRESSIVE;
				GCC_WARN_UNUSED_FUNCTION = YES;
				GCC_WARN_UNUSED_VARIABLE = YES;
				IPHONEOS_DEPLOYMENT_TARGET = 9.0;
				MTL_ENABLE_DEBUG_INFO = YES;
				ONLY_ACTIVE_ARCH = YES;
				OTHER_LDFLAGS = (
					"$(inherited)",
					"-ObjC",
				);
				SDKROOT = iphoneos;
			};
			name = Debug;
		};
		4D8EB088201F8E4F00392C16 /* Release */ = {
			isa = XCBuildConfiguration;
			buildSettings = {
				ALWAYS_SEARCH_USER_PATHS = NO;
				CLANG_ANALYZER_NONNULL = YES;
				CLANG_ANALYZER_NUMBER_OBJECT_CONVERSION = YES_AGGRESSIVE;
				CLANG_CXX_LANGUAGE_STANDARD = "gnu++14";
				CLANG_CXX_LIBRARY = "libc++";
				CLANG_ENABLE_MODULES = YES;
				CLANG_ENABLE_OBJC_ARC = YES;
				CLANG_WARN_BLOCK_CAPTURE_AUTORELEASING = YES;
				CLANG_WARN_BOOL_CONVERSION = YES;
				CLANG_WARN_COMMA = YES;
				CLANG_WARN_CONSTANT_CONVERSION = YES;
				CLANG_WARN_DIRECT_OBJC_ISA_USAGE = YES_ERROR;
				CLANG_WARN_DOCUMENTATION_COMMENTS = YES;
				CLANG_WARN_EMPTY_BODY = YES;
				CLANG_WARN_ENUM_CONVERSION = YES;
				CLANG_WARN_INFINITE_RECURSION = YES;
				CLANG_WARN_INT_CONVERSION = YES;
				CLANG_WARN_NON_LITERAL_NULL_CONVERSION = YES;
				CLANG_WARN_OBJC_LITERAL_CONVERSION = YES;
				CLANG_WARN_OBJC_ROOT_CLASS = YES_ERROR;
				CLANG_WARN_RANGE_LOOP_ANALYSIS = YES;
				CLANG_WARN_STRICT_PROTOTYPES = YES;
				CLANG_WARN_SUSPICIOUS_MOVE = YES;
				CLANG_WARN_UNGUARDED_AVAILABILITY = YES_AGGRESSIVE;
				CLANG_WARN_UNREACHABLE_CODE = YES;
				CLANG_WARN__DUPLICATE_METHOD_MATCH = YES;
				CODE_SIGN_IDENTITY = "iPhone Developer";
				COPY_PHASE_STRIP = NO;
				DEBUG_INFORMATION_FORMAT = "dwarf-with-dsym";
				ENABLE_NS_ASSERTIONS = NO;
				ENABLE_STRICT_OBJC_MSGSEND = YES;
				GCC_C_LANGUAGE_STANDARD = gnu11;
				GCC_NO_COMMON_BLOCKS = YES;
				GCC_WARN_64_TO_32_BIT_CONVERSION = YES;
				GCC_WARN_ABOUT_RETURN_TYPE = YES_ERROR;
				GCC_WARN_UNDECLARED_SELECTOR = YES;
				GCC_WARN_UNINITIALIZED_AUTOS = YES_AGGRESSIVE;
				GCC_WARN_UNUSED_FUNCTION = YES;
				GCC_WARN_UNUSED_VARIABLE = YES;
				IPHONEOS_DEPLOYMENT_TARGET = 9.0;
				MTL_ENABLE_DEBUG_INFO = NO;
				ONLY_ACTIVE_ARCH = YES;
				OTHER_LDFLAGS = (
					"$(inherited)",
					"-ObjC",
				);
				SDKROOT = iphoneos;
				VALIDATE_PRODUCT = YES;
			};
			name = Release;
		};
		4D8EB08A201F8E4F00392C16 /* Debug */ = {
			isa = XCBuildConfiguration;
			buildSettings = {
				ASSETCATALOG_COMPILER_APPICON_NAME = AppIcon;
				CODE_SIGN_STYLE = Automatic;
				DEVELOPMENT_TEAM = ZM5DUKP89C;
				FRAMEWORK_SEARCH_PATHS = "$(inherited)";
				INFOPLIST_FILE = MMExamples/Info.plist;
				LD_RUNPATH_SEARCH_PATHS = "$(inherited) @executable_path/Frameworks";
				OTHER_LDFLAGS = "-ObjC";
				PRODUCT_BUNDLE_IDENTIFIER = com.markwong..MMExamples;
				PRODUCT_NAME = "$(TARGET_NAME)";
				TARGETED_DEVICE_FAMILY = "1,2";
			};
			name = Debug;
		};
		4D8EB08B201F8E4F00392C16 /* Release */ = {
			isa = XCBuildConfiguration;
			buildSettings = {
				ASSETCATALOG_COMPILER_APPICON_NAME = AppIcon;
				CODE_SIGN_STYLE = Automatic;
				DEVELOPMENT_TEAM = ZM5DUKP89C;
				FRAMEWORK_SEARCH_PATHS = "$(inherited)";
				INFOPLIST_FILE = MMExamples/Info.plist;
				LD_RUNPATH_SEARCH_PATHS = "$(inherited) @executable_path/Frameworks";
				OTHER_LDFLAGS = "-ObjC";
				PRODUCT_BUNDLE_IDENTIFIER = com.markwong..MMExamples;
				PRODUCT_NAME = "$(TARGET_NAME)";
				TARGETED_DEVICE_FAMILY = "1,2";
			};
			name = Release;
		};
		4D8EB08D201F8E4F00392C16 /* Debug */ = {
			isa = XCBuildConfiguration;
			buildSettings = {
				BUNDLE_LOADER = "$(TEST_HOST)";
				CODE_SIGN_STYLE = Automatic;
				INFOPLIST_FILE = MMExamplesTests/Info.plist;
				LD_RUNPATH_SEARCH_PATHS = "$(inherited) @executable_path/Frameworks @loader_path/Frameworks";
				PRODUCT_BUNDLE_IDENTIFIER = com.markwong..MMExamplesTests;
				PRODUCT_NAME = "$(TARGET_NAME)";
				TARGETED_DEVICE_FAMILY = "1,2";
				TEST_HOST = "$(BUILT_PRODUCTS_DIR)/MMExamples.app/MMExamples";
			};
			name = Debug;
		};
		4D8EB08E201F8E4F00392C16 /* Release */ = {
			isa = XCBuildConfiguration;
			buildSettings = {
				BUNDLE_LOADER = "$(TEST_HOST)";
				CODE_SIGN_STYLE = Automatic;
				INFOPLIST_FILE = MMExamplesTests/Info.plist;
				LD_RUNPATH_SEARCH_PATHS = "$(inherited) @executable_path/Frameworks @loader_path/Frameworks";
				PRODUCT_BUNDLE_IDENTIFIER = com.markwong..MMExamplesTests;
				PRODUCT_NAME = "$(TARGET_NAME)";
				TARGETED_DEVICE_FAMILY = "1,2";
				TEST_HOST = "$(BUILT_PRODUCTS_DIR)/MMExamples.app/MMExamples";
			};
			name = Release;
		};
		4D8EB090201F8E4F00392C16 /* Debug */ = {
			isa = XCBuildConfiguration;
			buildSettings = {
				CODE_SIGN_STYLE = Automatic;
				INFOPLIST_FILE = MMExamplesUITests/Info.plist;
				LD_RUNPATH_SEARCH_PATHS = "$(inherited) @executable_path/Frameworks @loader_path/Frameworks";
				PRODUCT_BUNDLE_IDENTIFIER = com.markwong..MMExamplesUITests;
				PRODUCT_NAME = "$(TARGET_NAME)";
				TARGETED_DEVICE_FAMILY = "1,2";
				TEST_TARGET_NAME = MMExamples;
			};
			name = Debug;
		};
		4D8EB091201F8E4F00392C16 /* Release */ = {
			isa = XCBuildConfiguration;
			buildSettings = {
				CODE_SIGN_STYLE = Automatic;
				INFOPLIST_FILE = MMExamplesUITests/Info.plist;
				LD_RUNPATH_SEARCH_PATHS = "$(inherited) @executable_path/Frameworks @loader_path/Frameworks";
				PRODUCT_BUNDLE_IDENTIFIER = com.markwong..MMExamplesUITests;
				PRODUCT_NAME = "$(TARGET_NAME)";
				TARGETED_DEVICE_FAMILY = "1,2";
				TEST_TARGET_NAME = MMExamples;
			};
			name = Release;
		};
/* End XCBuildConfiguration section */

/* Begin XCConfigurationList section */
		4D8EB055201F8E4E00392C16 /* Build configuration list for PBXProject "MMExamples" */ = {
			isa = XCConfigurationList;
			buildConfigurations = (
				4D8EB087201F8E4F00392C16 /* Debug */,
				4D8EB088201F8E4F00392C16 /* Release */,
			);
			defaultConfigurationIsVisible = 0;
			defaultConfigurationName = Release;
		};
		4D8EB089201F8E4F00392C16 /* Build configuration list for PBXNativeTarget "MMExamples" */ = {
			isa = XCConfigurationList;
			buildConfigurations = (
				4D8EB08A201F8E4F00392C16 /* Debug */,
				4D8EB08B201F8E4F00392C16 /* Release */,
			);
			defaultConfigurationIsVisible = 0;
			defaultConfigurationName = Release;
		};
		4D8EB08C201F8E4F00392C16 /* Build configuration list for PBXNativeTarget "MMExamplesTests" */ = {
			isa = XCConfigurationList;
			buildConfigurations = (
				4D8EB08D201F8E4F00392C16 /* Debug */,
				4D8EB08E201F8E4F00392C16 /* Release */,
			);
			defaultConfigurationIsVisible = 0;
			defaultConfigurationName = Release;
		};
		4D8EB08F201F8E4F00392C16 /* Build configuration list for PBXNativeTarget "MMExamplesUITests" */ = {
			isa = XCConfigurationList;
			buildConfigurations = (
				4D8EB090201F8E4F00392C16 /* Debug */,
				4D8EB091201F8E4F00392C16 /* Release */,
			);
			defaultConfigurationIsVisible = 0;
			defaultConfigurationName = Release;
		};
/* End XCConfigurationList section */
	};
	rootObject = 4D8EB052201F8E4E00392C16 /* Project object */;
}
